<Solution>
  <Folder Name="/src/">
    <Project Path="src/ApiClient.App/ApiClient.App.csproj" />
    <Project Path="src/ApiClient.Core/ApiClient.Core.csproj" />
  </Folder>
  <Folder Name="/tests/">
    <Project Path="tests/ApiClient.Core.Tests/ApiClient.Core.Tests.csproj" />
  </Folder>
</Solution>
