<Solution>
  <Folder Name="/external/" />
  <Folder Name="/external/AvaloniaVirtualDataGrid/" />
  <Folder Name="/external/AvaloniaVirtualDataGrid/src/">
    <Project Path="external/AvaloniaVirtualDataGrid/src/AvaloniaVirtualDataGrid/AvaloniaVirtualDataGrid.csproj" />
  </Folder>
  <Folder Name="/src/">
    <Project Path="src/ApiClient.App/ApiClient.App.csproj" />
    <Project Path="src/ApiClient.Core/ApiClient.Core.csproj" />
    <Project Path="src/ApiClient.UI/ApiClient.UI.csproj" />
  </Folder>
  <Folder Name="/tests/">
    <Project Path="tests/ApiClient.Core.Tests/ApiClient.Core.Tests.csproj" />
    <Project Path="tests/ApiClient.UI.Tests/ApiClient.UI.Tests.csproj" />
  </Folder>
</Solution>
